
Microsoft Visual Studio Solution File, Format Version 12.00
# Visual Studio 15
VisualStudioVersion = 15.0.27130.2020
MinimumVisualStudioVersion = 10.0.40219.1
Project("{FAE04EC0-301F-11D3-BF4B-00C04F79EFBC}") = "EdgySharp", "EdgySharp\EdgySharp.csproj", "{7E409A26-14BA-4F85-A350-5F3BEA4974E8}"
EndProject
Global
	GlobalSection(SolutionConfigurationPlatforms) = preSolution
		Debug|Any CPU = Debug|Any CPU
		Release|Any CPU = Release|Any CPU
	EndGlobalSection
	GlobalSection(ProjectConfigurationPlatforms) = postSolution
		{7E409A26-14BA-4F85-A350-5F3BEA4974E8}.Debug|Any CPU.ActiveCfg = Debug|Any CPU
		{7E409A26-14BA-4F85-A350-5F3BEA4974E8}.Debug|Any CPU.Build.0 = Debug|Any CPU
		{7E409A26-14BA-4F85-A350-5F3BEA4974E8}.Release|Any CPU.ActiveCfg = Release|Any CPU
		{7E409A26-14BA-4F85-A350-5F3BEA4974E8}.Release|Any CPU.Build.0 = Release|Any CPU
	EndGlobalSection
	GlobalSection(SolutionProperties) = preSolution
		HideSolutionNode = FALSE
	EndGlobalSection
	GlobalSection(ExtensibilityGlobals) = postSolution
		SolutionGuid = {787AB9B8-CF8E-4BF3-ADA1-D35E8331BD16}
	EndGlobalSection
EndGlobal
