
Microsoft Visual Studio Solution File, Format Version 12.00
# Visual Studio 15
VisualStudioVersion = 15.0.27004.2002
MinimumVisualStudioVersion = 10.0.40219.1
Project("{FAE04EC0-301F-11D3-BF4B-00C04F79EFBC}") = "EdgyBot", "EdgyBot\EdgyBot.csproj", "{DECBC905-AEB6-4969-9C77-E08DF7CD7B8B}"
EndProject
Global
	GlobalSection(SolutionConfigurationPlatforms) = preSolution
		Debug|Any CPU = Debug|Any CPU
		Release|Any CPU = Release|Any CPU
	EndGlobalSection
	GlobalSection(ProjectConfigurationPlatforms) = postSolution
		{DECBC905-AEB6-4969-9C77-E08DF7CD7B8B}.Debug|Any CPU.ActiveCfg = Debug|Any CPU
		{DECBC905-AEB6-4969-9C77-E08DF7CD7B8B}.Debug|Any CPU.Build.0 = Debug|Any CPU
		{DECBC905-AEB6-4969-9C77-E08DF7CD7B8B}.Release|Any CPU.ActiveCfg = Release|Any CPU
		{DECBC905-AEB6-4969-9C77-E08DF7CD7B8B}.Release|Any CPU.Build.0 = Release|Any CPU
	EndGlobalSection
	GlobalSection(SolutionProperties) = preSolution
		HideSolutionNode = FALSE
	EndGlobalSection
	GlobalSection(ExtensibilityGlobals) = postSolution
		SolutionGuid = {CCC4C2F4-3FDE-4EA8-A321-5C2912731DB4}
	EndGlobalSection
EndGlobal
