
Microsoft Visual Studio Solution File, Format Version 12.00
# Visual Studio 15
VisualStudioVersion = 15.0.27130.2020
MinimumVisualStudioVersion = 10.0.40219.1
Project("{FAE04EC0-301F-11D3-BF4B-00C04F79EFBC}") = "EdgyBot", "EdgyBot\EdgyBot.csproj", "{0FBC6412-ECAA-413E-9351-C4522A8E4F58}"
EndProject
Global
	GlobalSection(SolutionConfigurationPlatforms) = preSolution
		Debug|Any CPU = Debug|Any CPU
		EdgyBot|Any CPU = EdgyBot|Any CPU
		Release|Any CPU = Release|Any CPU
	EndGlobalSection
	GlobalSection(ProjectConfigurationPlatforms) = postSolution
		{0FBC6412-ECAA-413E-9351-C4522A8E4F58}.Debug|Any CPU.ActiveCfg = Debug|Any CPU
		{0FBC6412-ECAA-413E-9351-C4522A8E4F58}.Debug|Any CPU.Build.0 = Debug|Any CPU
		{0FBC6412-ECAA-413E-9351-C4522A8E4F58}.EdgyBot|Any CPU.ActiveCfg = EdgyBot|Any CPU
		{0FBC6412-ECAA-413E-9351-C4522A8E4F58}.EdgyBot|Any CPU.Build.0 = EdgyBot|Any CPU
		{0FBC6412-ECAA-413E-9351-C4522A8E4F58}.Release|Any CPU.ActiveCfg = Release|Any CPU
		{0FBC6412-ECAA-413E-9351-C4522A8E4F58}.Release|Any CPU.Build.0 = Release|Any CPU
	EndGlobalSection
	GlobalSection(SolutionProperties) = preSolution
		HideSolutionNode = FALSE
	EndGlobalSection
	GlobalSection(ExtensibilityGlobals) = postSolution
		SolutionGuid = {AC7AC778-7829-4283-BFBB-15E5B843E411}
	EndGlobalSection
EndGlobal
