Microsoft Visual Studio Solution File, Format Version 12.00
# Visual Studio 15
VisualStudioVersion = 15.0.27004.2002
MinimumVisualStudioVersion = 10.0.40219.1
Project("{9A19103F-16F7-4668-BE54-9A1E7A4F7556}") = "EdgyBot.Core", "EdgyBot.Core\EdgyBot.Core.csproj", "{DECBC905-AEB6-4969-9C77-E08DF7CD7B8B}"
EndProject
Project("{9A19103F-16F7-4668-BE54-9A1E7A4F7556}") = "Discord.Addons.Interactive", "Discord.Addons.Interactive\Discord.Addons.Interactive.csproj", "{266E3693-0971-4772-874C-DF38CCD952B0}"
EndProject
Project("{9A19103F-16F7-4668-BE54-9A1E7A4F7556}") = "EdgyBot.Database", "EdgyBot.Database\EdgyBot.Database.csproj", "{74FF33A6-A74D-4F94-91D5-DF86D107A2FA}"
EndProject
Global
	GlobalSection(SolutionConfigurationPlatforms) = preSolution
		Debug|Any CPU = Debug|Any CPU
		EdgyBot|Any CPU = EdgyBot|Any CPU
		Release|Any CPU = Release|Any CPU
	EndGlobalSection
	GlobalSection(ProjectConfigurationPlatforms) = postSolution
		{DECBC905-AEB6-4969-9C77-E08DF7CD7B8B}.Debug|Any CPU.ActiveCfg = Debug|Any CPU
		{DECBC905-AEB6-4969-9C77-E08DF7CD7B8B}.Debug|Any CPU.Build.0 = Debug|Any CPU
		{DECBC905-AEB6-4969-9C77-E08DF7CD7B8B}.EdgyBot|Any CPU.ActiveCfg = EdgyBot|Any CPU
		{DECBC905-AEB6-4969-9C77-E08DF7CD7B8B}.EdgyBot|Any CPU.Build.0 = EdgyBot|Any CPU
		{DECBC905-AEB6-4969-9C77-E08DF7CD7B8B}.Release|Any CPU.ActiveCfg = Release|Any CPU
		{DECBC905-AEB6-4969-9C77-E08DF7CD7B8B}.Release|Any CPU.Build.0 = Release|Any CPU
		{266E3693-0971-4772-874C-DF38CCD952B0}.Debug|Any CPU.ActiveCfg = Debug|Any CPU
		{266E3693-0971-4772-874C-DF38CCD952B0}.Debug|Any CPU.Build.0 = Debug|Any CPU
		{266E3693-0971-4772-874C-DF38CCD952B0}.EdgyBot|Any CPU.ActiveCfg = Debug|Any CPU
		{266E3693-0971-4772-874C-DF38CCD952B0}.EdgyBot|Any CPU.Build.0 = Debug|Any CPU
		{266E3693-0971-4772-874C-DF38CCD952B0}.Release|Any CPU.ActiveCfg = Release|Any CPU
		{266E3693-0971-4772-874C-DF38CCD952B0}.Release|Any CPU.Build.0 = Release|Any CPU
		{74FF33A6-A74D-4F94-91D5-DF86D107A2FA}.Debug|Any CPU.ActiveCfg = Debug|Any CPU
		{74FF33A6-A74D-4F94-91D5-DF86D107A2FA}.Debug|Any CPU.Build.0 = Debug|Any CPU
		{74FF33A6-A74D-4F94-91D5-DF86D107A2FA}.EdgyBot|Any CPU.ActiveCfg = Debug|Any CPU
		{74FF33A6-A74D-4F94-91D5-DF86D107A2FA}.EdgyBot|Any CPU.Build.0 = Debug|Any CPU
		{74FF33A6-A74D-4F94-91D5-DF86D107A2FA}.Release|Any CPU.ActiveCfg = Release|Any CPU
		{74FF33A6-A74D-4F94-91D5-DF86D107A2FA}.Release|Any CPU.Build.0 = Release|Any CPU
	EndGlobalSection
	GlobalSection(SolutionProperties) = preSolution
		HideSolutionNode = FALSE
	EndGlobalSection
	GlobalSection(ExtensibilityGlobals) = postSolution
		SolutionGuid = {CCC4C2F4-3FDE-4EA8-A321-5C2912731DB4}
	EndGlobalSection
EndGlobal
